
Microsoft Visual Studio Solution File, Format Version 12.00
Project("{FAE04EC0-301F-11D3-BF4B-00C04F79EFBC}") = "NoGamepads_Core", "NoGamepads_Core\NoGamepads_Core.csproj", "{663AD0AE-66DC-4D2C-80D8-838DCB208BEE}"
EndProject
Project("{FAE04EC0-301F-11D3-BF4B-00C04F79EFBC}") = "NoGamepads_Example", "NoGamepads_Example\NoGamepads_Example.csproj", "{D576309A-DCDF-4A71-B3F0-C22EE34B9F2B}"
EndProject
Global
	GlobalSection(SolutionConfigurationPlatforms) = preSolution
		Debug|Any CPU = Debug|Any CPU
		Release|Any CPU = Release|Any CPU
	EndGlobalSection
	GlobalSection(ProjectConfigurationPlatforms) = postSolution
		{663AD0AE-66DC-4D2C-80D8-838DCB208BEE}.Debug|Any CPU.ActiveCfg = Debug|Any CPU
		{663AD0AE-66DC-4D2C-80D8-838DCB208BEE}.Debug|Any CPU.Build.0 = Debug|Any CPU
		{663AD0AE-66DC-4D2C-80D8-838DCB208BEE}.Release|Any CPU.ActiveCfg = Release|Any CPU
		{663AD0AE-66DC-4D2C-80D8-838DCB208BEE}.Release|Any CPU.Build.0 = Release|Any CPU
		{D576309A-DCDF-4A71-B3F0-C22EE34B9F2B}.Debug|Any CPU.ActiveCfg = Debug|Any CPU
		{D576309A-DCDF-4A71-B3F0-C22EE34B9F2B}.Debug|Any CPU.Build.0 = Debug|Any CPU
		{D576309A-DCDF-4A71-B3F0-C22EE34B9F2B}.Release|Any CPU.ActiveCfg = Release|Any CPU
		{D576309A-DCDF-4A71-B3F0-C22EE34B9F2B}.Release|Any CPU.Build.0 = Release|Any CPU
	EndGlobalSection
EndGlobal
